{
  "name": "centric-coding-assignment",
  "version": "1.0.0",
  "lockfileVersion": 1,
  "requires": true,
  "dependencies": {
    "bourbon-neat": {
      "version": "4.0.0",
      "resolved": "https://registry.npmjs.org/bourbon-neat/-/bourbon-neat-4.0.0.tgz",
      "integrity": "sha512-Ql1JdvjNvK9NbGvcBpsDkfuRRMK8fZ/mx1gRyZEy3PM/kqQ8QX0PcmKEqnZMl18YLfKaDwC0qa+e36TlDmT49g=="
    }
  }
}
